
Microsoft Visual Studio Solution File, Format Version 12.00
# Visual Studio Version 17
VisualStudioVersion = 17.6.33801.468
MinimumVisualStudioVersion = 10.0.40219.1
Project("{FAE04EC0-301F-11D3-BF4B-00C04F79EFBC}") = "WpfApp1", "WpfApp1\WpfApp1.csproj", "{874534A3-2D0F-4DA4-9459-A00F82DC0933}"
EndProject
Global
	GlobalSection(SolutionConfigurationPlatforms) = preSolution
		Debug|Any CPU = Debug|Any CPU
		Release|Any CPU = Release|Any CPU
	EndGlobalSection
	GlobalSection(ProjectConfigurationPlatforms) = postSolution
		{874534A3-2D0F-4DA4-9459-A00F82DC0933}.Debug|Any CPU.ActiveCfg = Debug|Any CPU
		{874534A3-2D0F-4DA4-9459-A00F82DC0933}.Debug|Any CPU.Build.0 = Debug|Any CPU
		{874534A3-2D0F-4DA4-9459-A00F82DC0933}.Release|Any CPU.ActiveCfg = Release|Any CPU
		{874534A3-2D0F-4DA4-9459-A00F82DC0933}.Release|Any CPU.Build.0 = Release|Any CPU
	EndGlobalSection
	GlobalSection(SolutionProperties) = preSolution
		HideSolutionNode = FALSE
	EndGlobalSection
	GlobalSection(ExtensibilityGlobals) = postSolution
		SolutionGuid = {A18B266E-0DD9-4CC4-90A8-3B063789CE58}
	EndGlobalSection
EndGlobal
